
Microsoft Visual Studio Solution File, Format Version 12.00
# Visual Studio 14
VisualStudioVersion = 14.0.25420.1
MinimumVisualStudioVersion = 10.0.40219.1
Project("{FAE04EC0-301F-11D3-BF4B-00C04F79EFBC}") = "TodoApp.DataAccess", "TodoApp.DataAccess\TodoApp.DataAccess.csproj", "{AB18C007-A080-4E41-AC9A-3F7C73513A7A}"
EndProject
Project("{00D1A9C2-B5F0-4AF3-8072-F6C62B433612}") = "TodoApp.Database", "TodoApp.Database\TodoApp.Database.sqlproj", "{1B6DF09E-C940-4B2F-9A04-EBB516DB1877}"
EndProject
Global
	GlobalSection(SolutionConfigurationPlatforms) = preSolution
		Debug|Any CPU = Debug|Any CPU
		Release|Any CPU = Release|Any CPU
	EndGlobalSection
	GlobalSection(ProjectConfigurationPlatforms) = postSolution
		{AB18C007-A080-4E41-AC9A-3F7C73513A7A}.Debug|Any CPU.ActiveCfg = Debug|Any CPU
		{AB18C007-A080-4E41-AC9A-3F7C73513A7A}.Debug|Any CPU.Build.0 = Debug|Any CPU
		{AB18C007-A080-4E41-AC9A-3F7C73513A7A}.Release|Any CPU.ActiveCfg = Release|Any CPU
		{AB18C007-A080-4E41-AC9A-3F7C73513A7A}.Release|Any CPU.Build.0 = Release|Any CPU
		{1B6DF09E-C940-4B2F-9A04-EBB516DB1877}.Debug|Any CPU.ActiveCfg = Debug|Any CPU
		{1B6DF09E-C940-4B2F-9A04-EBB516DB1877}.Debug|Any CPU.Build.0 = Debug|Any CPU
		{1B6DF09E-C940-4B2F-9A04-EBB516DB1877}.Debug|Any CPU.Deploy.0 = Debug|Any CPU
		{1B6DF09E-C940-4B2F-9A04-EBB516DB1877}.Release|Any CPU.ActiveCfg = Release|Any CPU
		{1B6DF09E-C940-4B2F-9A04-EBB516DB1877}.Release|Any CPU.Build.0 = Release|Any CPU
		{1B6DF09E-C940-4B2F-9A04-EBB516DB1877}.Release|Any CPU.Deploy.0 = Release|Any CPU
	EndGlobalSection
	GlobalSection(SolutionProperties) = preSolution
		HideSolutionNode = FALSE
	EndGlobalSection
EndGlobal
